
Microsoft Visual Studio Solution File, Format Version 12.00
# Visual Studio Version 17
VisualStudioVersion = 17.0.31903.59
MinimumVisualStudioVersion = 10.0.40219.1
Project("{2150E333-8FDC-42A3-9474-1A3956D46DE8}") = "src", "src", "{CDA6E951-3CCD-49A3-88E7-B8D43AAF1096}"
EndProject
Project("{2150E333-8FDC-42A3-9474-1A3956D46DE8}") = "Cotore", "Cotore", "{F973D95C-B740-489C-AC94-945187226F77}"
EndProject
Project("{2150E333-8FDC-42A3-9474-1A3956D46DE8}") = "src", "src", "{DE0A6FD2-1669-4C66-9C56-68C4B7FDE4D5}"
EndProject
Project("{2150E333-8FDC-42A3-9474-1A3956D46DE8}") = "Cotore.CORS", "Cotore.CORS", "{3E73CFCC-7F30-4A87-B4EC-71D2DC84044B}"
EndProject
Project("{2150E333-8FDC-42A3-9474-1A3956D46DE8}") = "src", "src", "{7714C7C9-50FA-41E3-A254-D973DB81506F}"
EndProject
Project("{9A19103F-16F7-4668-BE54-9A1E7A4F7556}") = "Cotore.CORS", "src\Cotore.CORS\src\Cotore.CORS\Cotore.CORS.csproj", "{BA3E312B-AEAC-4944-8460-BC03598D4288}"
EndProject
Project("{2150E333-8FDC-42A3-9474-1A3956D46DE8}") = "Cotore.Auth.Jwt", "Cotore.Auth.Jwt", "{BA5A51FC-4ACC-4713-A139-7DF5A2AAC49A}"
EndProject
Project("{2150E333-8FDC-42A3-9474-1A3956D46DE8}") = "src", "src", "{3FDBC580-FB67-4B07-B8DF-B78C0793ED1C}"
EndProject
Project("{9A19103F-16F7-4668-BE54-9A1E7A4F7556}") = "Cotore.Auth.Jwt", "src\Cotore.Auth.Jwt\src\Cotore.Auth.Jwt\Cotore.Auth.Jwt.csproj", "{306676D2-D911-422B-A081-A97D491E8EC4}"
EndProject
Project("{2150E333-8FDC-42A3-9474-1A3956D46DE8}") = "Cotore.Swagger", "Cotore.Swagger", "{8CCDE72A-5CDA-45F7-8EE3-4C6117C52D63}"
EndProject
Project("{2150E333-8FDC-42A3-9474-1A3956D46DE8}") = "src", "src", "{BDE9D951-0E04-4D25-BF77-CD43C00DCF54}"
EndProject
Project("{9A19103F-16F7-4668-BE54-9A1E7A4F7556}") = "Cotore.Swagger", "src\Cotore.Swagger\src\Cotore.Swagger\Cotore.Swagger.csproj", "{F6CE6635-BF01-45FA-9DAA-4A3FE56D5A14}"
EndProject
Project("{2150E333-8FDC-42A3-9474-1A3956D46DE8}") = "Cotore.Logging.Serilog", "Cotore.Logging.Serilog", "{BBE0A4A5-F6B5-4350-9355-70811C362DBC}"
EndProject
Project("{2150E333-8FDC-42A3-9474-1A3956D46DE8}") = "src", "src", "{0E0D5194-38F7-4BAF-9843-1473F79A87FE}"
EndProject
Project("{9A19103F-16F7-4668-BE54-9A1E7A4F7556}") = "Cotore.Logging.Serilog", "src\Cotore.Logging.Serilog\src\Cotore.Logging.Serilog\Cotore.Logging.Serilog.csproj", "{FD23DE9A-AA9F-4E72-B9AB-F89DB25A533E}"
EndProject
Project("{2150E333-8FDC-42A3-9474-1A3956D46DE8}") = "samples", "samples", "{78B1CCB5-D709-4017-95EF-2BECCF7B5B2A}"
EndProject
Project("{2150E333-8FDC-42A3-9474-1A3956D46DE8}") = "Taskly", "Taskly", "{844965B5-F595-4A94-8338-46B6E0D155A3}"
EndProject
Project("{2150E333-8FDC-42A3-9474-1A3956D46DE8}") = "gateway", "gateway", "{DDEE5BEE-9BDF-4977-9C5C-D23839343EEA}"
EndProject
Project("{2150E333-8FDC-42A3-9474-1A3956D46DE8}") = "src", "src", "{7116C7E0-9E14-48CC-8233-77543C367C66}"
EndProject
Project("{2150E333-8FDC-42A3-9474-1A3956D46DE8}") = "tests", "tests", "{D10BA301-C5DA-44C2-A951-65C373924692}"
EndProject
Project("{9A19103F-16F7-4668-BE54-9A1E7A4F7556}") = "Taskly.ApiGateway", "samples\Taskly\gateway\src\Taskly.ApiGateway\Taskly.ApiGateway.csproj", "{359507CA-6025-4448-9332-3B92628417FE}"
EndProject
Project("{9A19103F-16F7-4668-BE54-9A1E7A4F7556}") = "Cotore", "src\Cotore\src\Cotore\Cotore.csproj", "{059AA577-91EE-458D-86D0-DE961FD3BE27}"
EndProject
Project("{2150E333-8FDC-42A3-9474-1A3956D46DE8}") = "Cotore.Tracing.OpenTelemetry", "Cotore.Tracing.OpenTelemetry", "{6A480EEA-8814-4001-AD0E-3566DFFF0C1C}"
EndProject
Project("{2150E333-8FDC-42A3-9474-1A3956D46DE8}") = "Cotore.Metrics.OpenTelemetry", "Cotore.Metrics.OpenTelemetry", "{E9DA589E-4097-4D59-B376-C23CCB6EDD20}"
EndProject
Project("{2150E333-8FDC-42A3-9474-1A3956D46DE8}") = "src", "src", "{3670C217-C14B-46C4-8DEB-68F4CA28AE58}"
EndProject
Project("{2150E333-8FDC-42A3-9474-1A3956D46DE8}") = "src", "src", "{0674EEEF-8F8A-42AD-AE3B-4CFD3B227548}"
EndProject
Project("{9A19103F-16F7-4668-BE54-9A1E7A4F7556}") = "Cotore.Metrics.OpenTelemetry", "src\Cotore.Metrics.OpenTelemetry\src\Cotore.Metrics.OpenTelemetry\Cotore.Metrics.OpenTelemetry.csproj", "{2E813D44-03F9-47DB-AAB4-9F71DECE724E}"
EndProject
Project("{9A19103F-16F7-4668-BE54-9A1E7A4F7556}") = "Cotore.Tracing.OpenTelemetry", "src\Cotore.Tracing.OpenTelemetry\src\Cotore.Tracing.OpenTelemetry\Cotore.Tracing.OpenTelemetry.csproj", "{B0757DAB-FD55-422E-92BD-DC7221059DCB}"
EndProject
Project("{2150E333-8FDC-42A3-9474-1A3956D46DE8}") = "Cotore.Cache.Redis", "Cotore.Cache.Redis", "{4B77A9C8-9FFD-420F-B02C-11A7A00D836F}"
EndProject
Project("{2150E333-8FDC-42A3-9474-1A3956D46DE8}") = "src", "src", "{96916A50-642A-4270-B565-A40C37A9EB7F}"
EndProject
Project("{9A19103F-16F7-4668-BE54-9A1E7A4F7556}") = "Cotore.Cache.Redis", "src\Cotore.Cache.Redis\src\Cotore.Cache.Redis\Cotore.Cache.Redis.csproj", "{D92178E9-F6E5-4106-8EE3-C50A562F63F5}"
EndProject
Project("{2150E333-8FDC-42A3-9474-1A3956D46DE8}") = "client", "client", "{8DA7D6CC-9A76-426A-A7DD-FF14ACF4B10E}"
EndProject
Project("{2150E333-8FDC-42A3-9474-1A3956D46DE8}") = "src", "src", "{339B50AE-3F4D-4BC6-9CF5-AB74FFCF6B5A}"
EndProject
Project("{2150E333-8FDC-42A3-9474-1A3956D46DE8}") = "tests", "tests", "{02EE198A-90DC-4E04-91EC-AC9534D7F32F}"
EndProject
Global
	GlobalSection(SolutionConfigurationPlatforms) = preSolution
		Debug|Any CPU = Debug|Any CPU
		Release|Any CPU = Release|Any CPU
	EndGlobalSection
	GlobalSection(ProjectConfigurationPlatforms) = postSolution
		{BA3E312B-AEAC-4944-8460-BC03598D4288}.Debug|Any CPU.ActiveCfg = Debug|Any CPU
		{BA3E312B-AEAC-4944-8460-BC03598D4288}.Debug|Any CPU.Build.0 = Debug|Any CPU
		{BA3E312B-AEAC-4944-8460-BC03598D4288}.Release|Any CPU.ActiveCfg = Release|Any CPU
		{BA3E312B-AEAC-4944-8460-BC03598D4288}.Release|Any CPU.Build.0 = Release|Any CPU
		{306676D2-D911-422B-A081-A97D491E8EC4}.Debug|Any CPU.ActiveCfg = Debug|Any CPU
		{306676D2-D911-422B-A081-A97D491E8EC4}.Debug|Any CPU.Build.0 = Debug|Any CPU
		{306676D2-D911-422B-A081-A97D491E8EC4}.Release|Any CPU.ActiveCfg = Release|Any CPU
		{306676D2-D911-422B-A081-A97D491E8EC4}.Release|Any CPU.Build.0 = Release|Any CPU
		{F6CE6635-BF01-45FA-9DAA-4A3FE56D5A14}.Debug|Any CPU.ActiveCfg = Debug|Any CPU
		{F6CE6635-BF01-45FA-9DAA-4A3FE56D5A14}.Debug|Any CPU.Build.0 = Debug|Any CPU
		{F6CE6635-BF01-45FA-9DAA-4A3FE56D5A14}.Release|Any CPU.ActiveCfg = Release|Any CPU
		{F6CE6635-BF01-45FA-9DAA-4A3FE56D5A14}.Release|Any CPU.Build.0 = Release|Any CPU
		{FD23DE9A-AA9F-4E72-B9AB-F89DB25A533E}.Debug|Any CPU.ActiveCfg = Debug|Any CPU
		{FD23DE9A-AA9F-4E72-B9AB-F89DB25A533E}.Debug|Any CPU.Build.0 = Debug|Any CPU
		{FD23DE9A-AA9F-4E72-B9AB-F89DB25A533E}.Release|Any CPU.ActiveCfg = Release|Any CPU
		{FD23DE9A-AA9F-4E72-B9AB-F89DB25A533E}.Release|Any CPU.Build.0 = Release|Any CPU
		{359507CA-6025-4448-9332-3B92628417FE}.Debug|Any CPU.ActiveCfg = Debug|Any CPU
		{359507CA-6025-4448-9332-3B92628417FE}.Debug|Any CPU.Build.0 = Debug|Any CPU
		{359507CA-6025-4448-9332-3B92628417FE}.Release|Any CPU.ActiveCfg = Release|Any CPU
		{359507CA-6025-4448-9332-3B92628417FE}.Release|Any CPU.Build.0 = Release|Any CPU
		{059AA577-91EE-458D-86D0-DE961FD3BE27}.Debug|Any CPU.ActiveCfg = Debug|Any CPU
		{059AA577-91EE-458D-86D0-DE961FD3BE27}.Debug|Any CPU.Build.0 = Debug|Any CPU
		{059AA577-91EE-458D-86D0-DE961FD3BE27}.Release|Any CPU.ActiveCfg = Release|Any CPU
		{059AA577-91EE-458D-86D0-DE961FD3BE27}.Release|Any CPU.Build.0 = Release|Any CPU
		{2E813D44-03F9-47DB-AAB4-9F71DECE724E}.Debug|Any CPU.ActiveCfg = Debug|Any CPU
		{2E813D44-03F9-47DB-AAB4-9F71DECE724E}.Debug|Any CPU.Build.0 = Debug|Any CPU
		{2E813D44-03F9-47DB-AAB4-9F71DECE724E}.Release|Any CPU.ActiveCfg = Release|Any CPU
		{2E813D44-03F9-47DB-AAB4-9F71DECE724E}.Release|Any CPU.Build.0 = Release|Any CPU
		{B0757DAB-FD55-422E-92BD-DC7221059DCB}.Debug|Any CPU.ActiveCfg = Debug|Any CPU
		{B0757DAB-FD55-422E-92BD-DC7221059DCB}.Debug|Any CPU.Build.0 = Debug|Any CPU
		{B0757DAB-FD55-422E-92BD-DC7221059DCB}.Release|Any CPU.ActiveCfg = Release|Any CPU
		{B0757DAB-FD55-422E-92BD-DC7221059DCB}.Release|Any CPU.Build.0 = Release|Any CPU
		{D92178E9-F6E5-4106-8EE3-C50A562F63F5}.Debug|Any CPU.ActiveCfg = Debug|Any CPU
		{D92178E9-F6E5-4106-8EE3-C50A562F63F5}.Debug|Any CPU.Build.0 = Debug|Any CPU
		{D92178E9-F6E5-4106-8EE3-C50A562F63F5}.Release|Any CPU.ActiveCfg = Release|Any CPU
		{D92178E9-F6E5-4106-8EE3-C50A562F63F5}.Release|Any CPU.Build.0 = Release|Any CPU
	EndGlobalSection
	GlobalSection(SolutionProperties) = preSolution
		HideSolutionNode = FALSE
	EndGlobalSection
	GlobalSection(NestedProjects) = preSolution
		{F973D95C-B740-489C-AC94-945187226F77} = {CDA6E951-3CCD-49A3-88E7-B8D43AAF1096}
		{DE0A6FD2-1669-4C66-9C56-68C4B7FDE4D5} = {F973D95C-B740-489C-AC94-945187226F77}
		{3E73CFCC-7F30-4A87-B4EC-71D2DC84044B} = {CDA6E951-3CCD-49A3-88E7-B8D43AAF1096}
		{7714C7C9-50FA-41E3-A254-D973DB81506F} = {3E73CFCC-7F30-4A87-B4EC-71D2DC84044B}
		{BA3E312B-AEAC-4944-8460-BC03598D4288} = {7714C7C9-50FA-41E3-A254-D973DB81506F}
		{BA5A51FC-4ACC-4713-A139-7DF5A2AAC49A} = {CDA6E951-3CCD-49A3-88E7-B8D43AAF1096}
		{3FDBC580-FB67-4B07-B8DF-B78C0793ED1C} = {BA5A51FC-4ACC-4713-A139-7DF5A2AAC49A}
		{306676D2-D911-422B-A081-A97D491E8EC4} = {3FDBC580-FB67-4B07-B8DF-B78C0793ED1C}
		{8CCDE72A-5CDA-45F7-8EE3-4C6117C52D63} = {CDA6E951-3CCD-49A3-88E7-B8D43AAF1096}
		{BDE9D951-0E04-4D25-BF77-CD43C00DCF54} = {8CCDE72A-5CDA-45F7-8EE3-4C6117C52D63}
		{F6CE6635-BF01-45FA-9DAA-4A3FE56D5A14} = {BDE9D951-0E04-4D25-BF77-CD43C00DCF54}
		{BBE0A4A5-F6B5-4350-9355-70811C362DBC} = {CDA6E951-3CCD-49A3-88E7-B8D43AAF1096}
		{0E0D5194-38F7-4BAF-9843-1473F79A87FE} = {BBE0A4A5-F6B5-4350-9355-70811C362DBC}
		{FD23DE9A-AA9F-4E72-B9AB-F89DB25A533E} = {0E0D5194-38F7-4BAF-9843-1473F79A87FE}
		{844965B5-F595-4A94-8338-46B6E0D155A3} = {78B1CCB5-D709-4017-95EF-2BECCF7B5B2A}
		{DDEE5BEE-9BDF-4977-9C5C-D23839343EEA} = {844965B5-F595-4A94-8338-46B6E0D155A3}
		{7116C7E0-9E14-48CC-8233-77543C367C66} = {DDEE5BEE-9BDF-4977-9C5C-D23839343EEA}
		{D10BA301-C5DA-44C2-A951-65C373924692} = {DDEE5BEE-9BDF-4977-9C5C-D23839343EEA}
		{359507CA-6025-4448-9332-3B92628417FE} = {7116C7E0-9E14-48CC-8233-77543C367C66}
		{059AA577-91EE-458D-86D0-DE961FD3BE27} = {DE0A6FD2-1669-4C66-9C56-68C4B7FDE4D5}
		{6A480EEA-8814-4001-AD0E-3566DFFF0C1C} = {CDA6E951-3CCD-49A3-88E7-B8D43AAF1096}
		{E9DA589E-4097-4D59-B376-C23CCB6EDD20} = {CDA6E951-3CCD-49A3-88E7-B8D43AAF1096}
		{3670C217-C14B-46C4-8DEB-68F4CA28AE58} = {E9DA589E-4097-4D59-B376-C23CCB6EDD20}
		{0674EEEF-8F8A-42AD-AE3B-4CFD3B227548} = {6A480EEA-8814-4001-AD0E-3566DFFF0C1C}
		{2E813D44-03F9-47DB-AAB4-9F71DECE724E} = {3670C217-C14B-46C4-8DEB-68F4CA28AE58}
		{B0757DAB-FD55-422E-92BD-DC7221059DCB} = {0674EEEF-8F8A-42AD-AE3B-4CFD3B227548}
		{4B77A9C8-9FFD-420F-B02C-11A7A00D836F} = {CDA6E951-3CCD-49A3-88E7-B8D43AAF1096}
		{96916A50-642A-4270-B565-A40C37A9EB7F} = {4B77A9C8-9FFD-420F-B02C-11A7A00D836F}
		{D92178E9-F6E5-4106-8EE3-C50A562F63F5} = {96916A50-642A-4270-B565-A40C37A9EB7F}
		{8DA7D6CC-9A76-426A-A7DD-FF14ACF4B10E} = {844965B5-F595-4A94-8338-46B6E0D155A3}
		{339B50AE-3F4D-4BC6-9CF5-AB74FFCF6B5A} = {8DA7D6CC-9A76-426A-A7DD-FF14ACF4B10E}
		{02EE198A-90DC-4E04-91EC-AC9534D7F32F} = {8DA7D6CC-9A76-426A-A7DD-FF14ACF4B10E}
	EndGlobalSection
	GlobalSection(ExtensibilityGlobals) = postSolution
		SolutionGuid = {24A2B55F-AECD-4104-A0B1-C52469B2BC7D}
	EndGlobalSection
EndGlobal
